// !$*UTF8*$!
{
	archiveVersion = 1;
	classes = {
	};
	objectVersion = 50;
	objects = {

/* Begin PBXBuildFile section */
		3671746224DABB95008BCDA8 /* AppDelegate.swift in Sources */ = {isa = PBXBuildFile; fileRef = 3671746124DABB95008BCDA8 /* AppDelegate.swift */; };
		3671746424DABB95008BCDA8 /* art.scnassets in Resources */ = {isa = PBXBuildFile; fileRef = 3671746324DABB95008BCDA8 /* art.scnassets */; };
		3671746624DABB95008BCDA8 /* PlanetViewVC.swift in Sources */ = {isa = PBXBuildFile; fileRef = 3671746524DABB95008BCDA8 /* PlanetViewVC.swift */; };
		3671746924DABB95008BCDA8 /* Main.storyboard in Resources */ = {isa = PBXBuildFile; fileRef = 3671746724DABB95008BCDA8 /* Main.storyboard */; };
		3671746B24DABB99008BCDA8 /* Assets.xcassets in Resources */ = {isa = PBXBuildFile; fileRef = 3671746A24DABB99008BCDA8 /* Assets.xcassets */; };
		3671746E24DABB99008BCDA8 /* LaunchScreen.storyboard in Resources */ = {isa = PBXBuildFile; fileRef = 3671746C24DABB99008BCDA8 /* LaunchScreen.storyboard */; };
		3671747824DABCF7008BCDA8 /* PlanetSelectorVC.swift in Sources */ = {isa = PBXBuildFile; fileRef = 3671747724DABCF7008BCDA8 /* PlanetSelectorVC.swift */; };
		3671747B24DAC1CB008BCDA8 /* PlanetCell.swift in Sources */ = {isa = PBXBuildFile; fileRef = 3671747A24DAC1CB008BCDA8 /* PlanetCell.swift */; };
		3671747E24DAC647008BCDA8 /* Planets.swift in Sources */ = {isa = PBXBuildFile; fileRef = 3671747D24DAC647008BCDA8 /* Planets.swift */; };
		3671748024DAC693008BCDA8 /* PlanetsSystem.swift in Sources */ = {isa = PBXBuildFile; fileRef = 3671747F24DAC693008BCDA8 /* PlanetsSystem.swift */; };
		3671748324DACC27008BCDA8 /* Constants.swift in Sources */ = {isa = PBXBuildFile; fileRef = 3671748224DACC27008BCDA8 /* Constants.swift */; };
/* End PBXBuildFile section */

/* Begin PBXFileReference section */
		3671745E24DABB95008BCDA8 /* Intergalactic Fun.app */ = {isa = PBXFileReference; explicitFileType = wrapper.application; includeInIndex = 0; path = "Intergalactic Fun.app"; sourceTree = BUILT_PRODUCTS_DIR; };
		3671746124DABB95008BCDA8 /* AppDelegate.swift */ = {isa = PBXFileReference; lastKnownFileType = sourcecode.swift; path = AppDelegate.swift; sourceTree = "<group>"; };
		3671746324DABB95008BCDA8 /* art.scnassets */ = {isa = PBXFileReference; lastKnownFileType = wrapper.scnassets; path = art.scnassets; sourceTree = "<group>"; };
		3671746524DABB95008BCDA8 /* PlanetViewVC.swift */ = {isa = PBXFileReference; lastKnownFileType = sourcecode.swift; path = PlanetViewVC.swift; sourceTree = "<group>"; };
		3671746824DABB95008BCDA8 /* Base */ = {isa = PBXFileReference; lastKnownFileType = file.storyboard; name = Base; path = Base.lproj/Main.storyboard; sourceTree = "<group>"; };
		3671746A24DABB99008BCDA8 /* Assets.xcassets */ = {isa = PBXFileReference; lastKnownFileType = folder.assetcatalog; path = Assets.xcassets; sourceTree = "<group>"; };
		3671746D24DABB99008BCDA8 /* Base */ = {isa = PBXFileReference; lastKnownFileType = file.storyboard; name = Base; path = Base.lproj/LaunchScreen.storyboard; sourceTree = "<group>"; };
		3671746F24DABB99008BCDA8 /* Info.plist */ = {isa = PBXFileReference; lastKnownFileType = text.plist.xml; path = Info.plist; sourceTree = "<group>"; };
		3671747724DABCF7008BCDA8 /* PlanetSelectorVC.swift */ = {isa = PBXFileReference; lastKnownFileType = sourcecode.swift; path = PlanetSelectorVC.swift; sourceTree = "<group>"; };
		3671747A24DAC1CB008BCDA8 /* PlanetCell.swift */ = {isa = PBXFileReference; lastKnownFileType = sourcecode.swift; path = PlanetCell.swift; sourceTree = "<group>"; };
		3671747D24DAC647008BCDA8 /* Planets.swift */ = {isa = PBXFileReference; lastKnownFileType = sourcecode.swift; path = Planets.swift; sourceTree = "<group>"; };
		3671747F24DAC693008BCDA8 /* PlanetsSystem.swift */ = {isa = PBXFileReference; lastKnownFileType = sourcecode.swift; path = PlanetsSystem.swift; sourceTree = "<group>"; };
		3671748224DACC27008BCDA8 /* Constants.swift */ = {isa = PBXFileReference; lastKnownFileType = sourcecode.swift; path = Constants.swift; sourceTree = "<group>"; };
/* End PBXFileReference section */

/* Begin PBXFrameworksBuildPhase section */
		3671745B24DABB95008BCDA8 /* Frameworks */ = {
			isa = PBXFrameworksBuildPhase;
			buildActionMask = 2147483647;
			files = (
			);
			runOnlyForDeploymentPostprocessing = 0;
		};
/* End PBXFrameworksBuildPhase section */

/* Begin PBXGroup section */
		3671745524DABB95008BCDA8 = {
			isa = PBXGroup;
			children = (
				3671748124DACC16008BCDA8 /* Utilities */,
				3671747624DABC13008BCDA8 /* Storyboard */,
				3671747C24DAC628008BCDA8 /* Model */,
				3671747924DAC1A6008BCDA8 /* View */,
				3671747524DABC06008BCDA8 /* Controller */,
				3671746024DABB95008BCDA8 /* Intergalactic Fun */,
				3671745F24DABB95008BCDA8 /* Products */,
			);
			sourceTree = "<group>";
		};
		3671745F24DABB95008BCDA8 /* Products */ = {
			isa = PBXGroup;
			children = (
				3671745E24DABB95008BCDA8 /* Intergalactic Fun.app */,
			);
			name = Products;
			sourceTree = "<group>";
		};
		3671746024DABB95008BCDA8 /* Intergalactic Fun */ = {
			isa = PBXGroup;
			children = (
				3671746324DABB95008BCDA8 /* art.scnassets */,
				3671746A24DABB99008BCDA8 /* Assets.xcassets */,
				3671746F24DABB99008BCDA8 /* Info.plist */,
			);
			path = "Intergalactic Fun";
			sourceTree = "<group>";
		};
		3671747524DABC06008BCDA8 /* Controller */ = {
			isa = PBXGroup;
			children = (
				3671746124DABB95008BCDA8 /* AppDelegate.swift */,
				3671746524DABB95008BCDA8 /* PlanetViewVC.swift */,
				3671747724DABCF7008BCDA8 /* PlanetSelectorVC.swift */,
			);
			path = Controller;
			sourceTree = "<group>";
		};
		3671747624DABC13008BCDA8 /* Storyboard */ = {
			isa = PBXGroup;
			children = (
				3671746724DABB95008BCDA8 /* Main.storyboard */,
				3671746C24DABB99008BCDA8 /* LaunchScreen.storyboard */,
			);
			path = Storyboard;
			sourceTree = "<group>";
		};
		3671747924DAC1A6008BCDA8 /* View */ = {
			isa = PBXGroup;
			children = (
				3671747A24DAC1CB008BCDA8 /* PlanetCell.swift */,
			);
			path = View;
			sourceTree = "<group>";
		};
		3671747C24DAC628008BCDA8 /* Model */ = {
			isa = PBXGroup;
			children = (
				3671747D24DAC647008BCDA8 /* Planets.swift */,
				3671747F24DAC693008BCDA8 /* PlanetsSystem.swift */,
			);
			path = Model;
			sourceTree = "<group>";
		};
		3671748124DACC16008BCDA8 /* Utilities */ = {
			isa = PBXGroup;
			children = (
				3671748224DACC27008BCDA8 /* Constants.swift */,
			);
			path = Utilities;
			sourceTree = "<group>";
		};
/* End PBXGroup section */

/* Begin PBXNativeTarget section */
		3671745D24DABB95008BCDA8 /* Intergalactic Fun */ = {
			isa = PBXNativeTarget;
			buildConfigurationList = 3671747224DABB99008BCDA8 /* Build configuration list for PBXNativeTarget "Intergalactic Fun" */;
			buildPhases = (
				3671745A24DABB95008BCDA8 /* Sources */,
				3671745B24DABB95008BCDA8 /* Frameworks */,
				3671745C24DABB95008BCDA8 /* Resources */,
			);
			buildRules = (
			);
			dependencies = (
			);
			name = "Intergalactic Fun";
			productName = "Intergalactic Fun";
			productReference = 3671745E24DABB95008BCDA8 /* Intergalactic Fun.app */;
			productType = "com.apple.product-type.application";
		};
/* End PBXNativeTarget section */

/* Begin PBXProject section */
		3671745624DABB95008BCDA8 /* Project object */ = {
			isa = PBXProject;
			attributes = {
				LastSwiftUpdateCheck = 1160;
				LastUpgradeCheck = 1160;
				ORGANIZATIONNAME = "Cristian Sedano Arenas";
				TargetAttributes = {
					3671745D24DABB95008BCDA8 = {
						CreatedOnToolsVersion = 11.6;
					};
				};
			};
			buildConfigurationList = 3671745924DABB95008BCDA8 /* Build configuration list for PBXProject "Intergalactic Fun" */;
			compatibilityVersion = "Xcode 9.3";
			developmentRegion = en;
			hasScannedForEncodings = 0;
			knownRegions = (
				en,
				Base,
			);
			mainGroup = 3671745524DABB95008BCDA8;
			productRefGroup = 3671745F24DABB95008BCDA8 /* Products */;
			projectDirPath = "";
			projectRoot = "";
			targets = (
				3671745D24DABB95008BCDA8 /* Intergalactic Fun */,
			);
		};
/* End PBXProject section */

/* Begin PBXResourcesBuildPhase section */
		3671745C24DABB95008BCDA8 /* Resources */ = {
			isa = PBXResourcesBuildPhase;
			buildActionMask = 2147483647;
			files = (
				3671746424DABB95008BCDA8 /* art.scnassets in Resources */,
				3671746E24DABB99008BCDA8 /* LaunchScreen.storyboard in Resources */,
				3671746B24DABB99008BCDA8 /* Assets.xcassets in Resources */,
				3671746924DABB95008BCDA8 /* Main.storyboard in Resources */,
			);
			runOnlyForDeploymentPostprocessing = 0;
		};
/* End PBXResourcesBuildPhase section */

/* Begin PBXSourcesBuildPhase section */
		3671745A24DABB95008BCDA8 /* Sources */ = {
			isa = PBXSourcesBuildPhase;
			buildActionMask = 2147483647;
			files = (
				3671747824DABCF7008BCDA8 /* PlanetSelectorVC.swift in Sources */,
				3671747E24DAC647008BCDA8 /* Planets.swift in Sources */,
				3671748024DAC693008BCDA8 /* PlanetsSystem.swift in Sources */,
				3671746624DABB95008BCDA8 /* PlanetViewVC.swift in Sources */,
				3671748324DACC27008BCDA8 /* Constants.swift in Sources */,
				3671746224DABB95008BCDA8 /* AppDelegate.swift in Sources */,
				3671747B24DAC1CB008BCDA8 /* PlanetCell.swift in Sources */,
			);
			runOnlyForDeploymentPostprocessing = 0;
		};
/* End PBXSourcesBuildPhase section */

/* Begin PBXVariantGroup section */
		3671746724DABB95008BCDA8 /* Main.storyboard */ = {
			isa = PBXVariantGroup;
			children = (
				3671746824DABB95008BCDA8 /* Base */,
			);
			name = Main.storyboard;
			sourceTree = "<group>";
		};
		3671746C24DABB99008BCDA8 /* LaunchScreen.storyboard */ = {
			isa = PBXVariantGroup;
			children = (
				3671746D24DABB99008BCDA8 /* Base */,
			);
			name = LaunchScreen.storyboard;
			sourceTree = "<group>";
		};
/* End PBXVariantGroup section */

/* Begin XCBuildConfiguration section */
		3671747024DABB99008BCDA8 /* Debug */ = {
			isa = XCBuildConfiguration;
			buildSettings = {
				ALWAYS_SEARCH_USER_PATHS = NO;
				CLANG_ANALYZER_NONNULL = YES;
				CLANG_ANALYZER_NUMBER_OBJECT_CONVERSION = YES_AGGRESSIVE;
				CLANG_CXX_LANGUAGE_STANDARD = "gnu++14";
				CLANG_CXX_LIBRARY = "libc++";
				CLANG_ENABLE_MODULES = YES;
				CLANG_ENABLE_OBJC_ARC = YES;
				CLANG_ENABLE_OBJC_WEAK = YES;
				CLANG_WARN_BLOCK_CAPTURE_AUTORELEASING = YES;
				CLANG_WARN_BOOL_CONVERSION = YES;
				CLANG_WARN_COMMA = YES;
				CLANG_WARN_CONSTANT_CONVERSION = YES;
				CLANG_WARN_DEPRECATED_OBJC_IMPLEMENTATIONS = YES;
				CLANG_WARN_DIRECT_OBJC_ISA_USAGE = YES_ERROR;
				CLANG_WARN_DOCUMENTATION_COMMENTS = YES;
				CLANG_WARN_EMPTY_BODY = YES;
				CLANG_WARN_ENUM_CONVERSION = YES;
				CLANG_WARN_INFINITE_RECURSION = YES;
				CLANG_WARN_INT_CONVERSION = YES;
				CLANG_WARN_NON_LITERAL_NULL_CONVERSION = YES;
				CLANG_WARN_OBJC_IMPLICIT_RETAIN_SELF = YES;
				CLANG_WARN_OBJC_LITERAL_CONVERSION = YES;
				CLANG_WARN_OBJC_ROOT_CLASS = YES_ERROR;
				CLANG_WARN_RANGE_LOOP_ANALYSIS = YES;
				CLANG_WARN_STRICT_PROTOTYPES = YES;
				CLANG_WARN_SUSPICIOUS_MOVE = YES;
				CLANG_WARN_UNGUARDED_AVAILABILITY = YES_AGGRESSIVE;
				CLANG_WARN_UNREACHABLE_CODE = YES;
				CLANG_WARN__DUPLICATE_METHOD_MATCH = YES;
				COPY_PHASE_STRIP = NO;
				DEBUG_INFORMATION_FORMAT = dwarf;
				ENABLE_STRICT_OBJC_MSGSEND = YES;
				ENABLE_TESTABILITY = YES;
				GCC_C_LANGUAGE_STANDARD = gnu11;
				GCC_DYNAMIC_NO_PIC = NO;
				GCC_NO_COMMON_BLOCKS = YES;
				GCC_OPTIMIZATION_LEVEL = 0;
				GCC_PREPROCESSOR_DEFINITIONS = (
					"DEBUG=1",
					"$(inherited)",
				);
				GCC_WARN_64_TO_32_BIT_CONVERSION = YES;
				GCC_WARN_ABOUT_RETURN_TYPE = YES_ERROR;
				GCC_WARN_UNDECLARED_SELECTOR = YES;
				GCC_WARN_UNINITIALIZED_AUTOS = YES_AGGRESSIVE;
				GCC_WARN_UNUSED_FUNCTION = YES;
				GCC_WARN_UNUSED_VARIABLE = YES;
				IPHONEOS_DEPLOYMENT_TARGET = 13.6;
				MTL_ENABLE_DEBUG_INFO = INCLUDE_SOURCE;
				MTL_FAST_MATH = YES;
				ONLY_ACTIVE_ARCH = YES;
				SDKROOT = iphoneos;
				SWIFT_ACTIVE_COMPILATION_CONDITIONS = DEBUG;
				SWIFT_OPTIMIZATION_LEVEL = "-Onone";
			};
			name = Debug;
		};
		3671747124DABB99008BCDA8 /* Release */ = {
			isa = XCBuildConfiguration;
			buildSettings = {
				ALWAYS_SEARCH_USER_PATHS = NO;
				CLANG_ANALYZER_NONNULL = YES;
				CLANG_ANALYZER_NUMBER_OBJECT_CONVERSION = YES_AGGRESSIVE;
				CLANG_CXX_LANGUAGE_STANDARD = "gnu++14";
				CLANG_CXX_LIBRARY = "libc++";
				CLANG_ENABLE_MODULES = YES;
				CLANG_ENABLE_OBJC_ARC = YES;
				CLANG_ENABLE_OBJC_WEAK = YES;
				CLANG_WARN_BLOCK_CAPTURE_AUTORELEASING = YES;
				CLANG_WARN_BOOL_CONVERSION = YES;
				CLANG_WARN_COMMA = YES;
				CLANG_WARN_CONSTANT_CONVERSION = YES;
				CLANG_WARN_DEPRECATED_OBJC_IMPLEMENTATIONS = YES;
				CLANG_WARN_DIRECT_OBJC_ISA_USAGE = YES_ERROR;
				CLANG_WARN_DOCUMENTATION_COMMENTS = YES;
				CLANG_WARN_EMPTY_BODY = YES;
				CLANG_WARN_ENUM_CONVERSION = YES;
				CLANG_WARN_INFINITE_RECURSION = YES;
				CLANG_WARN_INT_CONVERSION = YES;
				CLANG_WARN_NON_LITERAL_NULL_CONVERSION = YES;
				CLANG_WARN_OBJC_IMPLICIT_RETAIN_SELF = YES;
				CLANG_WARN_OBJC_LITERAL_CONVERSION = YES;
				CLANG_WARN_OBJC_ROOT_CLASS = YES_ERROR;
				CLANG_WARN_RANGE_LOOP_ANALYSIS = YES;
				CLANG_WARN_STRICT_PROTOTYPES = YES;
				CLANG_WARN_SUSPICIOUS_MOVE = YES;
				CLANG_WARN_UNGUARDED_AVAILABILITY = YES_AGGRESSIVE;
				CLANG_WARN_UNREACHABLE_CODE = YES;
				CLANG_WARN__DUPLICATE_METHOD_MATCH = YES;
				COPY_PHASE_STRIP = NO;
				DEBUG_INFORMATION_FORMAT = "dwarf-with-dsym";
				ENABLE_NS_ASSERTIONS = NO;
				ENABLE_STRICT_OBJC_MSGSEND = YES;
				GCC_C_LANGUAGE_STANDARD = gnu11;
				GCC_NO_COMMON_BLOCKS = YES;
				GCC_WARN_64_TO_32_BIT_CONVERSION = YES;
				GCC_WARN_ABOUT_RETURN_TYPE = YES_ERROR;
				GCC_WARN_UNDECLARED_SELECTOR = YES;
				GCC_WARN_UNINITIALIZED_AUTOS = YES_AGGRESSIVE;
				GCC_WARN_UNUSED_FUNCTION = YES;
				GCC_WARN_UNUSED_VARIABLE = YES;
				IPHONEOS_DEPLOYMENT_TARGET = 13.6;
				MTL_ENABLE_DEBUG_INFO = NO;
				MTL_FAST_MATH = YES;
				SDKROOT = iphoneos;
				SWIFT_COMPILATION_MODE = wholemodule;
				SWIFT_OPTIMIZATION_LEVEL = "-O";
				VALIDATE_PRODUCT = YES;
			};
			name = Release;
		};
		3671747324DABB99008BCDA8 /* Debug */ = {
			isa = XCBuildConfiguration;
			buildSettings = {
				ASSETCATALOG_COMPILER_APPICON_NAME = AppIcon;
				CODE_SIGN_STYLE = Automatic;
				DEVELOPMENT_TEAM = 347CFEP3N9;
				INFOPLIST_FILE = "Intergalactic Fun/Info.plist";
				LD_RUNPATH_SEARCH_PATHS = (
					"$(inherited)",
					"@executable_path/Frameworks",
				);
				PRODUCT_BUNDLE_IDENTIFIER = "com.cristian.Intergalactic-Fun";
				PRODUCT_NAME = "$(TARGET_NAME)";
				SWIFT_VERSION = 5.0;
				TARGETED_DEVICE_FAMILY = 1;
			};
			name = Debug;
		};
		3671747424DABB99008BCDA8 /* Release */ = {
			isa = XCBuildConfiguration;
			buildSettings = {
				ASSETCATALOG_COMPILER_APPICON_NAME = AppIcon;
				CODE_SIGN_STYLE = Automatic;
				DEVELOPMENT_TEAM = 347CFEP3N9;
				INFOPLIST_FILE = "Intergalactic Fun/Info.plist";
				LD_RUNPATH_SEARCH_PATHS = (
					"$(inherited)",
					"@executable_path/Frameworks",
				);
				PRODUCT_BUNDLE_IDENTIFIER = "com.cristian.Intergalactic-Fun";
				PRODUCT_NAME = "$(TARGET_NAME)";
				SWIFT_VERSION = 5.0;
				TARGETED_DEVICE_FAMILY = 1;
			};
			name = Release;
		};
/* End XCBuildConfiguration section */

/* Begin XCConfigurationList section */
		3671745924DABB95008BCDA8 /* Build configuration list for PBXProject "Intergalactic Fun" */ = {
			isa = XCConfigurationList;
			buildConfigurations = (
				3671747024DABB99008BCDA8 /* Debug */,
				3671747124DABB99008BCDA8 /* Release */,
			);
			defaultConfigurationIsVisible = 0;
			defaultConfigurationName = Release;
		};
		3671747224DABB99008BCDA8 /* Build configuration list for PBXNativeTarget "Intergalactic Fun" */ = {
			isa = XCConfigurationList;
			buildConfigurations = (
				3671747324DABB99008BCDA8 /* Debug */,
				3671747424DABB99008BCDA8 /* Release */,
			);
			defaultConfigurationIsVisible = 0;
			defaultConfigurationName = Release;
		};
/* End XCConfigurationList section */
	};
	rootObject = 3671745624DABB95008BCDA8 /* Project object */;
}
